// !$*UTF8*$!
{
	archiveVersion = 1;
	classes = {
	};
	objectVersion = 55;
	objects = {

/* Begin PBXBuildFile section */
		402223C6289B039800859817 /* ConfigureGameController.swift in Sources */ = {isa = PBXBuildFile; fileRef = 402223C5289B039800859817 /* ConfigureGameController.swift */; };
		402223CE289C74F800859817 /* MainController+Ext.swift in Sources */ = {isa = PBXBuildFile; fileRef = 402223CD289C74F800859817 /* MainController+Ext.swift */; };
		402223D1289F019500859817 /* TargetNotificationConverter.swift in Sources */ = {isa = PBXBuildFile; fileRef = 402223D0289F019500859817 /* TargetNotificationConverter.swift */; };
		402223D5289F0EAE00859817 /* Game.swift in Sources */ = {isa = PBXBuildFile; fileRef = 402223D4289F0EAE00859817 /* Game.swift */; };
		402223DB289FA92600859817 /* GameController.swift in Sources */ = {isa = PBXBuildFile; fileRef = 402223D9289FA92600859817 /* GameController.swift */; };
		402223DC289FA92600859817 /* GameController.xib in Resources */ = {isa = PBXBuildFile; fileRef = 402223DA289FA92600859817 /* GameController.xib */; };
		402223DE28A7C92400859817 /* TargetsView.swift in Sources */ = {isa = PBXBuildFile; fileRef = 402223DD28A7C92400859817 /* TargetsView.swift */; };
		40A8F9FB287049FF000BCFF6 /* AppDelegate.swift in Sources */ = {isa = PBXBuildFile; fileRef = 40A8F9FA287049FF000BCFF6 /* AppDelegate.swift */; };
		40A8F9FD287049FF000BCFF6 /* SceneDelegate.swift in Sources */ = {isa = PBXBuildFile; fileRef = 40A8F9FC287049FF000BCFF6 /* SceneDelegate.swift */; };
		40A8F9FF287049FF000BCFF6 /* MainController.swift in Sources */ = {isa = PBXBuildFile; fileRef = 40A8F9FE287049FF000BCFF6 /* MainController.swift */; };
		40A8FA02287049FF000BCFF6 /* Main.storyboard in Resources */ = {isa = PBXBuildFile; fileRef = 40A8FA00287049FF000BCFF6 /* Main.storyboard */; };
		40A8FA0428704A00000BCFF6 /* Assets.xcassets in Resources */ = {isa = PBXBuildFile; fileRef = 40A8FA0328704A00000BCFF6 /* Assets.xcassets */; };
		40A8FA0728704A00000BCFF6 /* LaunchScreen.storyboard in Resources */ = {isa = PBXBuildFile; fileRef = 40A8FA0528704A00000BCFF6 /* LaunchScreen.storyboard */; };
		40A8FA0F28704E69000BCFF6 /* SearchController.swift in Sources */ = {isa = PBXBuildFile; fileRef = 40A8FA0E28704E69000BCFF6 /* SearchController.swift */; };
		40AE684D28A8C80800717AA4 /* UIVC+Ext.swift in Sources */ = {isa = PBXBuildFile; fileRef = 40AE684C28A8C80800717AA4 /* UIVC+Ext.swift */; };
		40AE684F28A8F1CD00717AA4 /* SettingCell.swift in Sources */ = {isa = PBXBuildFile; fileRef = 40AE684E28A8F1CD00717AA4 /* SettingCell.swift */; };
		40AE685428A9186E00717AA4 /* PlayerCell.swift in Sources */ = {isa = PBXBuildFile; fileRef = 40AE685228A9186E00717AA4 /* PlayerCell.swift */; };
		40AE685528A9186E00717AA4 /* PlayerCell.xib in Resources */ = {isa = PBXBuildFile; fileRef = 40AE685328A9186E00717AA4 /* PlayerCell.xib */; };
		40AE685728A935B000717AA4 /* Player.swift in Sources */ = {isa = PBXBuildFile; fileRef = 40AE685628A935B000717AA4 /* Player.swift */; };
		40AE685A28A93A5600717AA4 /* AbstractGameState.swift in Sources */ = {isa = PBXBuildFile; fileRef = 40AE685928A93A5600717AA4 /* AbstractGameState.swift */; };
		40AE685C28A93AEA00717AA4 /* WaitState.swift in Sources */ = {isa = PBXBuildFile; fileRef = 40AE685B28A93AEA00717AA4 /* WaitState.swift */; };
		40AE686028A93BEC00717AA4 /* ShootState.swift in Sources */ = {isa = PBXBuildFile; fileRef = 40AE685F28A93BEC00717AA4 /* ShootState.swift */; };
		40AE686228A94E7A00717AA4 /* PauseState.swift in Sources */ = {isa = PBXBuildFile; fileRef = 40AE686128A94E7A00717AA4 /* PauseState.swift */; };
		40AE687028A97C8F00717AA4 /* LiftTarget_iOSTests.swift in Sources */ = {isa = PBXBuildFile; fileRef = 40AE686F28A97C8F00717AA4 /* LiftTarget_iOSTests.swift */; };
		40AE687D28A97CCB00717AA4 /* LiftTarget_iOSUITests.swift in Sources */ = {isa = PBXBuildFile; fileRef = 40AE687C28A97CCB00717AA4 /* LiftTarget_iOSUITests.swift */; };
		40AE687F28A97CCB00717AA4 /* LiftTarget_iOSUITestsLaunchTests.swift in Sources */ = {isa = PBXBuildFile; fileRef = 40AE687E28A97CCB00717AA4 /* LiftTarget_iOSUITestsLaunchTests.swift */; };
/* End PBXBuildFile section */

/* Begin PBXContainerItemProxy section */
		40AE687128A97C8F00717AA4 /* PBXContainerItemProxy */ = {
			isa = PBXContainerItemProxy;
			containerPortal = 40A8F9EF287049FF000BCFF6 /* Project object */;
			proxyType = 1;
			remoteGlobalIDString = 40A8F9F6287049FF000BCFF6;
			remoteInfo = LiftTarget_iOS;
		};
		40AE688028A97CCB00717AA4 /* PBXContainerItemProxy */ = {
			isa = PBXContainerItemProxy;
			containerPortal = 40A8F9EF287049FF000BCFF6 /* Project object */;
			proxyType = 1;
			remoteGlobalIDString = 40A8F9F6287049FF000BCFF6;
			remoteInfo = LiftTarget_iOS;
		};
/* End PBXContainerItemProxy section */

/* Begin PBXFileReference section */
		402223C5289B039800859817 /* ConfigureGameController.swift */ = {isa = PBXFileReference; lastKnownFileType = sourcecode.swift; path = ConfigureGameController.swift; sourceTree = "<group>"; };
		402223CD289C74F800859817 /* MainController+Ext.swift */ = {isa = PBXFileReference; lastKnownFileType = sourcecode.swift; path = "MainController+Ext.swift"; sourceTree = "<group>"; };
		402223D0289F019500859817 /* TargetNotificationConverter.swift */ = {isa = PBXFileReference; lastKnownFileType = sourcecode.swift; path = TargetNotificationConverter.swift; sourceTree = "<group>"; };
		402223D4289F0EAE00859817 /* Game.swift */ = {isa = PBXFileReference; lastKnownFileType = sourcecode.swift; path = Game.swift; sourceTree = "<group>"; };
		402223D9289FA92600859817 /* GameController.swift */ = {isa = PBXFileReference; lastKnownFileType = sourcecode.swift; path = GameController.swift; sourceTree = "<group>"; };
		402223DA289FA92600859817 /* GameController.xib */ = {isa = PBXFileReference; lastKnownFileType = file.xib; path = GameController.xib; sourceTree = "<group>"; };
		402223DD28A7C92400859817 /* TargetsView.swift */ = {isa = PBXFileReference; lastKnownFileType = sourcecode.swift; path = TargetsView.swift; sourceTree = "<group>"; };
		40A8F9F7287049FF000BCFF6 /* LiftTarget_iOS.app */ = {isa = PBXFileReference; explicitFileType = wrapper.application; includeInIndex = 0; path = LiftTarget_iOS.app; sourceTree = BUILT_PRODUCTS_DIR; };
		40A8F9FA287049FF000BCFF6 /* AppDelegate.swift */ = {isa = PBXFileReference; lastKnownFileType = sourcecode.swift; path = AppDelegate.swift; sourceTree = "<group>"; };
		40A8F9FC287049FF000BCFF6 /* SceneDelegate.swift */ = {isa = PBXFileReference; lastKnownFileType = sourcecode.swift; path = SceneDelegate.swift; sourceTree = "<group>"; };
		40A8F9FE287049FF000BCFF6 /* MainController.swift */ = {isa = PBXFileReference; lastKnownFileType = sourcecode.swift; path = MainController.swift; sourceTree = "<group>"; };
		40A8FA01287049FF000BCFF6 /* Base */ = {isa = PBXFileReference; lastKnownFileType = file.storyboard; name = Base; path = Base.lproj/Main.storyboard; sourceTree = "<group>"; };
		40A8FA0328704A00000BCFF6 /* Assets.xcassets */ = {isa = PBXFileReference; lastKnownFileType = folder.assetcatalog; path = Assets.xcassets; sourceTree = "<group>"; };
		40A8FA0628704A00000BCFF6 /* Base */ = {isa = PBXFileReference; lastKnownFileType = file.storyboard; name = Base; path = Base.lproj/LaunchScreen.storyboard; sourceTree = "<group>"; };
		40A8FA0828704A00000BCFF6 /* Info.plist */ = {isa = PBXFileReference; lastKnownFileType = text.plist.xml; name = Info.plist; path = LiftTarget_iOS/Environments/Info.plist; sourceTree = SOURCE_ROOT; };
		40A8FA0E28704E69000BCFF6 /* SearchController.swift */ = {isa = PBXFileReference; lastKnownFileType = sourcecode.swift; path = SearchController.swift; sourceTree = "<group>"; };
		40AE684C28A8C80800717AA4 /* UIVC+Ext.swift */ = {isa = PBXFileReference; lastKnownFileType = sourcecode.swift; path = "UIVC+Ext.swift"; sourceTree = "<group>"; };
		40AE684E28A8F1CD00717AA4 /* SettingCell.swift */ = {isa = PBXFileReference; lastKnownFileType = sourcecode.swift; path = SettingCell.swift; sourceTree = "<group>"; };
		40AE685228A9186E00717AA4 /* PlayerCell.swift */ = {isa = PBXFileReference; lastKnownFileType = sourcecode.swift; path = PlayerCell.swift; sourceTree = "<group>"; };
		40AE685328A9186E00717AA4 /* PlayerCell.xib */ = {isa = PBXFileReference; lastKnownFileType = file.xib; path = PlayerCell.xib; sourceTree = "<group>"; };
		40AE685628A935B000717AA4 /* Player.swift */ = {isa = PBXFileReference; lastKnownFileType = sourcecode.swift; path = Player.swift; sourceTree = "<group>"; };
		40AE685928A93A5600717AA4 /* AbstractGameState.swift */ = {isa = PBXFileReference; lastKnownFileType = sourcecode.swift; path = AbstractGameState.swift; sourceTree = "<group>"; };
		40AE685B28A93AEA00717AA4 /* WaitState.swift */ = {isa = PBXFileReference; lastKnownFileType = sourcecode.swift; path = WaitState.swift; sourceTree = "<group>"; };
		40AE685F28A93BEC00717AA4 /* ShootState.swift */ = {isa = PBXFileReference; lastKnownFileType = sourcecode.swift; path = ShootState.swift; sourceTree = "<group>"; };
		40AE686128A94E7A00717AA4 /* PauseState.swift */ = {isa = PBXFileReference; lastKnownFileType = sourcecode.swift; path = PauseState.swift; sourceTree = "<group>"; };
		40AE686D28A97C8F00717AA4 /* LiftTarget_iOSTests.xctest */ = {isa = PBXFileReference; explicitFileType = wrapper.cfbundle; includeInIndex = 0; path = LiftTarget_iOSTests.xctest; sourceTree = BUILT_PRODUCTS_DIR; };
		40AE686F28A97C8F00717AA4 /* LiftTarget_iOSTests.swift */ = {isa = PBXFileReference; lastKnownFileType = sourcecode.swift; path = LiftTarget_iOSTests.swift; sourceTree = "<group>"; };
		40AE687A28A97CCB00717AA4 /* LiftTarget_iOSUITests.xctest */ = {isa = PBXFileReference; explicitFileType = wrapper.cfbundle; includeInIndex = 0; path = LiftTarget_iOSUITests.xctest; sourceTree = BUILT_PRODUCTS_DIR; };
		40AE687C28A97CCB00717AA4 /* LiftTarget_iOSUITests.swift */ = {isa = PBXFileReference; lastKnownFileType = sourcecode.swift; path = LiftTarget_iOSUITests.swift; sourceTree = "<group>"; };
		40AE687E28A97CCB00717AA4 /* LiftTarget_iOSUITestsLaunchTests.swift */ = {isa = PBXFileReference; lastKnownFileType = sourcecode.swift; path = LiftTarget_iOSUITestsLaunchTests.swift; sourceTree = "<group>"; };
/* End PBXFileReference section */

/* Begin PBXFrameworksBuildPhase section */
		40A8F9F4287049FF000BCFF6 /* Frameworks */ = {
			isa = PBXFrameworksBuildPhase;
			buildActionMask = 2147483647;
			files = (
			);
			runOnlyForDeploymentPostprocessing = 0;
		};
		40AE686A28A97C8F00717AA4 /* Frameworks */ = {
			isa = PBXFrameworksBuildPhase;
			buildActionMask = 2147483647;
			files = (
			);
			runOnlyForDeploymentPostprocessing = 0;
		};
		40AE687728A97CCB00717AA4 /* Frameworks */ = {
			isa = PBXFrameworksBuildPhase;
			buildActionMask = 2147483647;
			files = (
			);
			runOnlyForDeploymentPostprocessing = 0;
		};
/* End PBXFrameworksBuildPhase section */

/* Begin PBXGroup section */
		402223CC289C74BF00859817 /* MainController */ = {
			isa = PBXGroup;
			children = (
				40A8F9FE287049FF000BCFF6 /* MainController.swift */,
				402223CD289C74F800859817 /* MainController+Ext.swift */,
			);
			path = MainController;
			sourceTree = "<group>";
		};
		402223D3289F0E7E00859817 /* ConfigureGame */ = {
			isa = PBXGroup;
			children = (
				402223C5289B039800859817 /* ConfigureGameController.swift */,
				40AE684E28A8F1CD00717AA4 /* SettingCell.swift */,
			);
			path = ConfigureGame;
			sourceTree = "<group>";
		};
		402223D6289FA68E00859817 /* Modules */ = {
			isa = PBXGroup;
			children = (
				402223CC289C74BF00859817 /* MainController */,
				402223D8289FA6F200859817 /* SearchPeripherals */,
				402223D3289F0E7E00859817 /* ConfigureGame */,
				402223D7289FA6DE00859817 /* Game */,
			);
			path = Modules;
			sourceTree = "<group>";
		};
		402223D7289FA6DE00859817 /* Game */ = {
			isa = PBXGroup;
			children = (
				402223D9289FA92600859817 /* GameController.swift */,
				402223DA289FA92600859817 /* GameController.xib */,
				402223DD28A7C92400859817 /* TargetsView.swift */,
				40AE685228A9186E00717AA4 /* PlayerCell.swift */,
				40AE685328A9186E00717AA4 /* PlayerCell.xib */,
			);
			path = Game;
			sourceTree = "<group>";
		};
		402223D8289FA6F200859817 /* SearchPeripherals */ = {
			isa = PBXGroup;
			children = (
				40A8FA0E28704E69000BCFF6 /* SearchController.swift */,
			);
			path = SearchPeripherals;
			sourceTree = "<group>";
		};
		402223DF28A816EB00859817 /* Environments */ = {
			isa = PBXGroup;
			children = (
				40A8FA0828704A00000BCFF6 /* Info.plist */,
			);
			path = Environments;
			sourceTree = "<group>";
		};
		40A8F9EE287049FF000BCFF6 = {
			isa = PBXGroup;
			children = (
				40A8F9F9287049FF000BCFF6 /* LiftTarget_iOS */,
				40AE686E28A97C8F00717AA4 /* LiftTarget_iOSTests */,
				40AE687B28A97CCB00717AA4 /* LiftTarget_iOSUITests */,
				40A8F9F8287049FF000BCFF6 /* Products */,
			);
			sourceTree = "<group>";
		};
		40A8F9F8287049FF000BCFF6 /* Products */ = {
			isa = PBXGroup;
			children = (
				40A8F9F7287049FF000BCFF6 /* LiftTarget_iOS.app */,
				40AE686D28A97C8F00717AA4 /* LiftTarget_iOSTests.xctest */,
				40AE687A28A97CCB00717AA4 /* LiftTarget_iOSUITests.xctest */,
			);
			name = Products;
			sourceTree = "<group>";
		};
		40A8F9F9287049FF000BCFF6 /* LiftTarget_iOS */ = {
			isa = PBXGroup;
			children = (
				40AE686628A97B0300717AA4 /* BusinessLogic */,
				40AE686528A9791500717AA4 /* Resources */,
				40AE684A28A8188800717AA4 /* App */,
				40AE684B28A8C7E000717AA4 /* Core */,
				402223DF28A816EB00859817 /* Environments */,
				402223D6289FA68E00859817 /* Modules */,
			);
			path = LiftTarget_iOS;
			sourceTree = "<group>";
		};
		40AE684A28A8188800717AA4 /* App */ = {
			isa = PBXGroup;
			children = (
				40AE686428A95E6700717AA4 /* Flows */,
				40AE686328A95E3000717AA4 /* Entity */,
				40A8F9FA287049FF000BCFF6 /* AppDelegate.swift */,
				40A8F9FC287049FF000BCFF6 /* SceneDelegate.swift */,
			);
			path = App;
			sourceTree = "<group>";
		};
		40AE684B28A8C7E000717AA4 /* Core */ = {
			isa = PBXGroup;
			children = (
				40AE684C28A8C80800717AA4 /* UIVC+Ext.swift */,
			);
			path = Core;
			sourceTree = "<group>";
		};
		40AE685828A93A0D00717AA4 /* GameState */ = {
			isa = PBXGroup;
			children = (
				40AE685928A93A5600717AA4 /* AbstractGameState.swift */,
				40AE685B28A93AEA00717AA4 /* WaitState.swift */,
				40AE685F28A93BEC00717AA4 /* ShootState.swift */,
				40AE686128A94E7A00717AA4 /* PauseState.swift */,
			);
			path = GameState;
			sourceTree = "<group>";
		};
		40AE686328A95E3000717AA4 /* Entity */ = {
			isa = PBXGroup;
			children = (
				40AE685828A93A0D00717AA4 /* GameState */,
				402223D4289F0EAE00859817 /* Game.swift */,
				40AE685628A935B000717AA4 /* Player.swift */,
			);
			path = Entity;
			sourceTree = "<group>";
		};
		40AE686428A95E6700717AA4 /* Flows */ = {
			isa = PBXGroup;
			children = (
				40A8FA00287049FF000BCFF6 /* Main.storyboard */,
			);
			path = Flows;
			sourceTree = "<group>";
		};
		40AE686528A9791500717AA4 /* Resources */ = {
			isa = PBXGroup;
			children = (
				40A8FA0528704A00000BCFF6 /* LaunchScreen.storyboard */,
				40A8FA0328704A00000BCFF6 /* Assets.xcassets */,
			);
			path = Resources;
			sourceTree = "<group>";
		};
		40AE686628A97B0300717AA4 /* BusinessLogic */ = {
			isa = PBXGroup;
			children = (
				402223D0289F019500859817 /* TargetNotificationConverter.swift */,
			);
			path = BusinessLogic;
			sourceTree = "<group>";
		};
		40AE686E28A97C8F00717AA4 /* LiftTarget_iOSTests */ = {
			isa = PBXGroup;
			children = (
				40AE686F28A97C8F00717AA4 /* LiftTarget_iOSTests.swift */,
			);
			path = LiftTarget_iOSTests;
			sourceTree = "<group>";
		};
		40AE687B28A97CCB00717AA4 /* LiftTarget_iOSUITests */ = {
			isa = PBXGroup;
			children = (
				40AE687C28A97CCB00717AA4 /* LiftTarget_iOSUITests.swift */,
				40AE687E28A97CCB00717AA4 /* LiftTarget_iOSUITestsLaunchTests.swift */,
			);
			path = LiftTarget_iOSUITests;
			sourceTree = "<group>";
		};
/* End PBXGroup section */

/* Begin PBXNativeTarget section */
		40A8F9F6287049FF000BCFF6 /* LiftTarget_iOS */ = {
			isa = PBXNativeTarget;
			buildConfigurationList = 40A8FA0B28704A00000BCFF6 /* Build configuration list for PBXNativeTarget "LiftTarget_iOS" */;
			buildPhases = (
				40A8F9F3287049FF000BCFF6 /* Sources */,
				40A8F9F4287049FF000BCFF6 /* Frameworks */,
				40A8F9F5287049FF000BCFF6 /* Resources */,
			);
			buildRules = (
			);
			dependencies = (
			);
			name = LiftTarget_iOS;
			productName = bluetooth_test;
			productReference = 40A8F9F7287049FF000BCFF6 /* LiftTarget_iOS.app */;
			productType = "com.apple.product-type.application";
		};
		40AE686C28A97C8F00717AA4 /* LiftTarget_iOSTests */ = {
			isa = PBXNativeTarget;
			buildConfigurationList = 40AE687328A97C8F00717AA4 /* Build configuration list for PBXNativeTarget "LiftTarget_iOSTests" */;
			buildPhases = (
				40AE686928A97C8F00717AA4 /* Sources */,
				40AE686A28A97C8F00717AA4 /* Frameworks */,
				40AE686B28A97C8F00717AA4 /* Resources */,
			);
			buildRules = (
			);
			dependencies = (
				40AE687228A97C8F00717AA4 /* PBXTargetDependency */,
			);
			name = LiftTarget_iOSTests;
			productName = LiftTarget_iOSTests;
			productReference = 40AE686D28A97C8F00717AA4 /* LiftTarget_iOSTests.xctest */;
			productType = "com.apple.product-type.bundle.unit-test";
		};
		40AE687928A97CCB00717AA4 /* LiftTarget_iOSUITests */ = {
			isa = PBXNativeTarget;
			buildConfigurationList = 40AE688228A97CCB00717AA4 /* Build configuration list for PBXNativeTarget "LiftTarget_iOSUITests" */;
			buildPhases = (
				40AE687628A97CCB00717AA4 /* Sources */,
				40AE687728A97CCB00717AA4 /* Frameworks */,
				40AE687828A97CCB00717AA4 /* Resources */,
			);
			buildRules = (
			);
			dependencies = (
				40AE688128A97CCB00717AA4 /* PBXTargetDependency */,
			);
			name = LiftTarget_iOSUITests;
			productName = LiftTarget_iOSUITests;
			productReference = 40AE687A28A97CCB00717AA4 /* LiftTarget_iOSUITests.xctest */;
			productType = "com.apple.product-type.bundle.ui-testing";
		};
/* End PBXNativeTarget section */

/* Begin PBXProject section */
		40A8F9EF287049FF000BCFF6 /* Project object */ = {
			isa = PBXProject;
			attributes = {
				BuildIndependentTargetsInParallel = 1;
				LastSwiftUpdateCheck = 1340;
				LastUpgradeCheck = 1340;
				TargetAttributes = {
					40A8F9F6287049FF000BCFF6 = {
						CreatedOnToolsVersion = 13.4.1;
					};
					40AE686C28A97C8F00717AA4 = {
						CreatedOnToolsVersion = 13.4.1;
						TestTargetID = 40A8F9F6287049FF000BCFF6;
					};
					40AE687928A97CCB00717AA4 = {
						CreatedOnToolsVersion = 13.4.1;
						TestTargetID = 40A8F9F6287049FF000BCFF6;
					};
				};
			};
			buildConfigurationList = 40A8F9F2287049FF000BCFF6 /* Build configuration list for PBXProject "LiftTarget_iOS" */;
			compatibilityVersion = "Xcode 13.0";
			developmentRegion = en;
			hasScannedForEncodings = 0;
			knownRegions = (
				en,
				Base,
			);
			mainGroup = 40A8F9EE287049FF000BCFF6;
			productRefGroup = 40A8F9F8287049FF000BCFF6 /* Products */;
			projectDirPath = "";
			projectRoot = "";
			targets = (
				40A8F9F6287049FF000BCFF6 /* LiftTarget_iOS */,
				40AE686C28A97C8F00717AA4 /* LiftTarget_iOSTests */,
				40AE687928A97CCB00717AA4 /* LiftTarget_iOSUITests */,
			);
		};
/* End PBXProject section */

/* Begin PBXResourcesBuildPhase section */
		40A8F9F5287049FF000BCFF6 /* Resources */ = {
			isa = PBXResourcesBuildPhase;
			buildActionMask = 2147483647;
			files = (
				40A8FA0728704A00000BCFF6 /* LaunchScreen.storyboard in Resources */,
				402223DC289FA92600859817 /* GameController.xib in Resources */,
				40A8FA0428704A00000BCFF6 /* Assets.xcassets in Resources */,
				40AE685528A9186E00717AA4 /* PlayerCell.xib in Resources */,
				40A8FA02287049FF000BCFF6 /* Main.storyboard in Resources */,
			);
			runOnlyForDeploymentPostprocessing = 0;
		};
		40AE686B28A97C8F00717AA4 /* Resources */ = {
			isa = PBXResourcesBuildPhase;
			buildActionMask = 2147483647;
			files = (
			);
			runOnlyForDeploymentPostprocessing = 0;
		};
		40AE687828A97CCB00717AA4 /* Resources */ = {
			isa = PBXResourcesBuildPhase;
			buildActionMask = 2147483647;
			files = (
			);
			runOnlyForDeploymentPostprocessing = 0;
		};
/* End PBXResourcesBuildPhase section */

/* Begin PBXSourcesBuildPhase section */
		40A8F9F3287049FF000BCFF6 /* Sources */ = {
			isa = PBXSourcesBuildPhase;
			buildActionMask = 2147483647;
			files = (
				40A8F9FF287049FF000BCFF6 /* MainController.swift in Sources */,
				40AE684D28A8C80800717AA4 /* UIVC+Ext.swift in Sources */,
				402223DB289FA92600859817 /* GameController.swift in Sources */,
				40AE686028A93BEC00717AA4 /* ShootState.swift in Sources */,
				40AE684F28A8F1CD00717AA4 /* SettingCell.swift in Sources */,
				40AE685728A935B000717AA4 /* Player.swift in Sources */,
				402223D5289F0EAE00859817 /* Game.swift in Sources */,
				40A8F9FB287049FF000BCFF6 /* AppDelegate.swift in Sources */,
				40AE686228A94E7A00717AA4 /* PauseState.swift in Sources */,
				40A8F9FD287049FF000BCFF6 /* SceneDelegate.swift in Sources */,
				402223CE289C74F800859817 /* MainController+Ext.swift in Sources */,
				402223C6289B039800859817 /* ConfigureGameController.swift in Sources */,
				40AE685C28A93AEA00717AA4 /* WaitState.swift in Sources */,
				402223DE28A7C92400859817 /* TargetsView.swift in Sources */,
				402223D1289F019500859817 /* TargetNotificationConverter.swift in Sources */,
				40AE685A28A93A5600717AA4 /* AbstractGameState.swift in Sources */,
				40A8FA0F28704E69000BCFF6 /* SearchController.swift in Sources */,
				40AE685428A9186E00717AA4 /* PlayerCell.swift in Sources */,
			);
			runOnlyForDeploymentPostprocessing = 0;
		};
		40AE686928A97C8F00717AA4 /* Sources */ = {
			isa = PBXSourcesBuildPhase;
			buildActionMask = 2147483647;
			files = (
				40AE687028A97C8F00717AA4 /* LiftTarget_iOSTests.swift in Sources */,
			);
			runOnlyForDeploymentPostprocessing = 0;
		};
		40AE687628A97CCB00717AA4 /* Sources */ = {
			isa = PBXSourcesBuildPhase;
			buildActionMask = 2147483647;
			files = (
				40AE687F28A97CCB00717AA4 /* LiftTarget_iOSUITestsLaunchTests.swift in Sources */,
				40AE687D28A97CCB00717AA4 /* LiftTarget_iOSUITests.swift in Sources */,
			);
			runOnlyForDeploymentPostprocessing = 0;
		};
/* End PBXSourcesBuildPhase section */

/* Begin PBXTargetDependency section */
		40AE687228A97C8F00717AA4 /* PBXTargetDependency */ = {
			isa = PBXTargetDependency;
			target = 40A8F9F6287049FF000BCFF6 /* LiftTarget_iOS */;
			targetProxy = 40AE687128A97C8F00717AA4 /* PBXContainerItemProxy */;
		};
		40AE688128A97CCB00717AA4 /* PBXTargetDependency */ = {
			isa = PBXTargetDependency;
			target = 40A8F9F6287049FF000BCFF6 /* LiftTarget_iOS */;
			targetProxy = 40AE688028A97CCB00717AA4 /* PBXContainerItemProxy */;
		};
/* End PBXTargetDependency section */

/* Begin PBXVariantGroup section */
		40A8FA00287049FF000BCFF6 /* Main.storyboard */ = {
			isa = PBXVariantGroup;
			children = (
				40A8FA01287049FF000BCFF6 /* Base */,
			);
			name = Main.storyboard;
			sourceTree = "<group>";
		};
		40A8FA0528704A00000BCFF6 /* LaunchScreen.storyboard */ = {
			isa = PBXVariantGroup;
			children = (
				40A8FA0628704A00000BCFF6 /* Base */,
			);
			name = LaunchScreen.storyboard;
			sourceTree = "<group>";
		};
/* End PBXVariantGroup section */

/* Begin XCBuildConfiguration section */
		40A8FA0928704A00000BCFF6 /* Debug */ = {
			isa = XCBuildConfiguration;
			buildSettings = {
				ALWAYS_SEARCH_USER_PATHS = NO;
				CLANG_ANALYZER_NONNULL = YES;
				CLANG_ANALYZER_NUMBER_OBJECT_CONVERSION = YES_AGGRESSIVE;
				CLANG_CXX_LANGUAGE_STANDARD = "gnu++17";
				CLANG_ENABLE_MODULES = YES;
				CLANG_ENABLE_OBJC_ARC = YES;
				CLANG_ENABLE_OBJC_WEAK = YES;
				CLANG_WARN_BLOCK_CAPTURE_AUTORELEASING = YES;
				CLANG_WARN_BOOL_CONVERSION = YES;
				CLANG_WARN_COMMA = YES;
				CLANG_WARN_CONSTANT_CONVERSION = YES;
				CLANG_WARN_DEPRECATED_OBJC_IMPLEMENTATIONS = YES;
				CLANG_WARN_DIRECT_OBJC_ISA_USAGE = YES_ERROR;
				CLANG_WARN_DOCUMENTATION_COMMENTS = YES;
				CLANG_WARN_EMPTY_BODY = YES;
				CLANG_WARN_ENUM_CONVERSION = YES;
				CLANG_WARN_INFINITE_RECURSION = YES;
				CLANG_WARN_INT_CONVERSION = YES;
				CLANG_WARN_NON_LITERAL_NULL_CONVERSION = YES;
				CLANG_WARN_OBJC_IMPLICIT_RETAIN_SELF = YES;
				CLANG_WARN_OBJC_LITERAL_CONVERSION = YES;
				CLANG_WARN_OBJC_ROOT_CLASS = YES_ERROR;
				CLANG_WARN_QUOTED_INCLUDE_IN_FRAMEWORK_HEADER = YES;
				CLANG_WARN_RANGE_LOOP_ANALYSIS = YES;
				CLANG_WARN_STRICT_PROTOTYPES = YES;
				CLANG_WARN_SUSPICIOUS_MOVE = YES;
				CLANG_WARN_UNGUARDED_AVAILABILITY = YES_AGGRESSIVE;
				CLANG_WARN_UNREACHABLE_CODE = YES;
				CLANG_WARN__DUPLICATE_METHOD_MATCH = YES;
				COPY_PHASE_STRIP = NO;
				DEBUG_INFORMATION_FORMAT = dwarf;
				ENABLE_STRICT_OBJC_MSGSEND = YES;
				ENABLE_TESTABILITY = YES;
				GCC_C_LANGUAGE_STANDARD = gnu11;
				GCC_DYNAMIC_NO_PIC = NO;
				GCC_NO_COMMON_BLOCKS = YES;
				GCC_OPTIMIZATION_LEVEL = 0;
				GCC_PREPROCESSOR_DEFINITIONS = (
					"DEBUG=1",
					"$(inherited)",
				);
				GCC_WARN_64_TO_32_BIT_CONVERSION = YES;
				GCC_WARN_ABOUT_RETURN_TYPE = YES_ERROR;
				GCC_WARN_UNDECLARED_SELECTOR = YES;
				GCC_WARN_UNINITIALIZED_AUTOS = YES_AGGRESSIVE;
				GCC_WARN_UNUSED_FUNCTION = YES;
				GCC_WARN_UNUSED_VARIABLE = YES;
				IPHONEOS_DEPLOYMENT_TARGET = 15.5;
				MTL_ENABLE_DEBUG_INFO = INCLUDE_SOURCE;
				MTL_FAST_MATH = YES;
				ONLY_ACTIVE_ARCH = YES;
				SDKROOT = iphoneos;
				SWIFT_ACTIVE_COMPILATION_CONDITIONS = DEBUG;
				SWIFT_OPTIMIZATION_LEVEL = "-Onone";
			};
			name = Debug;
		};
		40A8FA0A28704A00000BCFF6 /* Release */ = {
			isa = XCBuildConfiguration;
			buildSettings = {
				ALWAYS_SEARCH_USER_PATHS = NO;
				CLANG_ANALYZER_NONNULL = YES;
				CLANG_ANALYZER_NUMBER_OBJECT_CONVERSION = YES_AGGRESSIVE;
				CLANG_CXX_LANGUAGE_STANDARD = "gnu++17";
				CLANG_ENABLE_MODULES = YES;
				CLANG_ENABLE_OBJC_ARC = YES;
				CLANG_ENABLE_OBJC_WEAK = YES;
				CLANG_WARN_BLOCK_CAPTURE_AUTORELEASING = YES;
				CLANG_WARN_BOOL_CONVERSION = YES;
				CLANG_WARN_COMMA = YES;
				CLANG_WARN_CONSTANT_CONVERSION = YES;
				CLANG_WARN_DEPRECATED_OBJC_IMPLEMENTATIONS = YES;
				CLANG_WARN_DIRECT_OBJC_ISA_USAGE = YES_ERROR;
				CLANG_WARN_DOCUMENTATION_COMMENTS = YES;
				CLANG_WARN_EMPTY_BODY = YES;
				CLANG_WARN_ENUM_CONVERSION = YES;
				CLANG_WARN_INFINITE_RECURSION = YES;
				CLANG_WARN_INT_CONVERSION = YES;
				CLANG_WARN_NON_LITERAL_NULL_CONVERSION = YES;
				CLANG_WARN_OBJC_IMPLICIT_RETAIN_SELF = YES;
				CLANG_WARN_OBJC_LITERAL_CONVERSION = YES;
				CLANG_WARN_OBJC_ROOT_CLASS = YES_ERROR;
				CLANG_WARN_QUOTED_INCLUDE_IN_FRAMEWORK_HEADER = YES;
				CLANG_WARN_RANGE_LOOP_ANALYSIS = YES;
				CLANG_WARN_STRICT_PROTOTYPES = YES;
				CLANG_WARN_SUSPICIOUS_MOVE = YES;
				CLANG_WARN_UNGUARDED_AVAILABILITY = YES_AGGRESSIVE;
				CLANG_WARN_UNREACHABLE_CODE = YES;
				CLANG_WARN__DUPLICATE_METHOD_MATCH = YES;
				COPY_PHASE_STRIP = NO;
				DEBUG_INFORMATION_FORMAT = "dwarf-with-dsym";
				ENABLE_NS_ASSERTIONS = NO;
				ENABLE_STRICT_OBJC_MSGSEND = YES;
				GCC_C_LANGUAGE_STANDARD = gnu11;
				GCC_NO_COMMON_BLOCKS = YES;
				GCC_WARN_64_TO_32_BIT_CONVERSION = YES;
				GCC_WARN_ABOUT_RETURN_TYPE = YES_ERROR;
				GCC_WARN_UNDECLARED_SELECTOR = YES;
				GCC_WARN_UNINITIALIZED_AUTOS = YES_AGGRESSIVE;
				GCC_WARN_UNUSED_FUNCTION = YES;
				GCC_WARN_UNUSED_VARIABLE = YES;
				IPHONEOS_DEPLOYMENT_TARGET = 15.5;
				MTL_ENABLE_DEBUG_INFO = NO;
				MTL_FAST_MATH = YES;
				SDKROOT = iphoneos;
				SWIFT_COMPILATION_MODE = wholemodule;
				SWIFT_OPTIMIZATION_LEVEL = "-O";
				VALIDATE_PRODUCT = YES;
			};
			name = Release;
		};
		40A8FA0C28704A00000BCFF6 /* Debug */ = {
			isa = XCBuildConfiguration;
			buildSettings = {
				ASSETCATALOG_COMPILER_APPICON_NAME = AppIcon;
				ASSETCATALOG_COMPILER_GLOBAL_ACCENT_COLOR_NAME = AccentColor;
				CODE_SIGN_IDENTITY = "Apple Development";
				CODE_SIGN_STYLE = Automatic;
				CURRENT_PROJECT_VERSION = 1;
				DEVELOPMENT_TEAM = LKF6A6MC84;
				GENERATE_INFOPLIST_FILE = YES;
				INFOPLIST_FILE = LiftTarget_iOS/Environments/Info.plist;
				INFOPLIST_KEY_NSBluetoothAlwaysUsageDescription = "Need to connect to the LiftTarget";
				INFOPLIST_KEY_NSBluetoothPeripheralUsageDescription = "Need to connect to the LiftTarget";
				INFOPLIST_KEY_UIApplicationSupportsIndirectInputEvents = YES;
				INFOPLIST_KEY_UILaunchStoryboardName = LaunchScreen;
				INFOPLIST_KEY_UIMainStoryboardFile = Main;
				INFOPLIST_KEY_UISupportedInterfaceOrientations_iPad = "UIInterfaceOrientationPortrait UIInterfaceOrientationPortraitUpsideDown UIInterfaceOrientationLandscapeLeft UIInterfaceOrientationLandscapeRight";
				INFOPLIST_KEY_UISupportedInterfaceOrientations_iPhone = "UIInterfaceOrientationPortrait UIInterfaceOrientationLandscapeLeft UIInterfaceOrientationLandscapeRight";
				LD_RUNPATH_SEARCH_PATHS = (
					"$(inherited)",
					"@executable_path/Frameworks",
				);
				MARKETING_VERSION = 1.0;
				PRODUCT_BUNDLE_IDENTIFIER = com.igor2890.LiftTarget;
				PRODUCT_NAME = "$(TARGET_NAME)";
				PROVISIONING_PROFILE_SPECIFIER = "";
				SWIFT_EMIT_LOC_STRINGS = YES;
				SWIFT_VERSION = 5.0;
				TARGETED_DEVICE_FAMILY = "1,2";
			};
			name = Debug;
		};
		40A8FA0D28704A00000BCFF6 /* Release */ = {
			isa = XCBuildConfiguration;
			buildSettings = {
				ASSETCATALOG_COMPILER_APPICON_NAME = AppIcon;
				ASSETCATALOG_COMPILER_GLOBAL_ACCENT_COLOR_NAME = AccentColor;
				CODE_SIGN_IDENTITY = "Apple Development";
				CODE_SIGN_STYLE = Automatic;
				CURRENT_PROJECT_VERSION = 1;
				DEVELOPMENT_TEAM = LKF6A6MC84;
				GENERATE_INFOPLIST_FILE = YES;
				INFOPLIST_FILE = LiftTarget_iOS/Environments/Info.plist;
				INFOPLIST_KEY_NSBluetoothAlwaysUsageDescription = "Need to connect to the LiftTarget";
				INFOPLIST_KEY_NSBluetoothPeripheralUsageDescription = "Need to connect to the LiftTarget";
				INFOPLIST_KEY_UIApplicationSupportsIndirectInputEvents = YES;
				INFOPLIST_KEY_UILaunchStoryboardName = LaunchScreen;
				INFOPLIST_KEY_UIMainStoryboardFile = Main;
				INFOPLIST_KEY_UISupportedInterfaceOrientations_iPad = "UIInterfaceOrientationPortrait UIInterfaceOrientationPortraitUpsideDown UIInterfaceOrientationLandscapeLeft UIInterfaceOrientationLandscapeRight";
				INFOPLIST_KEY_UISupportedInterfaceOrientations_iPhone = "UIInterfaceOrientationPortrait UIInterfaceOrientationLandscapeLeft UIInterfaceOrientationLandscapeRight";
				LD_RUNPATH_SEARCH_PATHS = (
					"$(inherited)",
					"@executable_path/Frameworks",
				);
				MARKETING_VERSION = 1.0;
				PRODUCT_BUNDLE_IDENTIFIER = com.igor2890.LiftTarget;
				PRODUCT_NAME = "$(TARGET_NAME)";
				PROVISIONING_PROFILE_SPECIFIER = "";
				SWIFT_EMIT_LOC_STRINGS = YES;
				SWIFT_VERSION = 5.0;
				TARGETED_DEVICE_FAMILY = "1,2";
			};
			name = Release;
		};
		40AE687428A97C8F00717AA4 /* Debug */ = {
			isa = XCBuildConfiguration;
			buildSettings = {
				BUNDLE_LOADER = "$(TEST_HOST)";
				CODE_SIGN_STYLE = Automatic;
				CURRENT_PROJECT_VERSION = 1;
				DEVELOPMENT_TEAM = LKF6A6MC84;
				GENERATE_INFOPLIST_FILE = YES;
				MARKETING_VERSION = 1.0;
				PRODUCT_BUNDLE_IDENTIFIER = "com.igor2890.LiftTarget-iOSTests";
				PRODUCT_NAME = "$(TARGET_NAME)";
				SWIFT_EMIT_LOC_STRINGS = NO;
				SWIFT_VERSION = 5.0;
				TARGETED_DEVICE_FAMILY = "1,2";
				TEST_HOST = "$(BUILT_PRODUCTS_DIR)/LiftTarget_iOS.app/LiftTarget_iOS";
			};
			name = Debug;
		};
		40AE687528A97C8F00717AA4 /* Release */ = {
			isa = XCBuildConfiguration;
			buildSettings = {
				BUNDLE_LOADER = "$(TEST_HOST)";
				CODE_SIGN_STYLE = Automatic;
				CURRENT_PROJECT_VERSION = 1;
				DEVELOPMENT_TEAM = LKF6A6MC84;
				GENERATE_INFOPLIST_FILE = YES;
				MARKETING_VERSION = 1.0;
				PRODUCT_BUNDLE_IDENTIFIER = "com.igor2890.LiftTarget-iOSTests";
				PRODUCT_NAME = "$(TARGET_NAME)";
				SWIFT_EMIT_LOC_STRINGS = NO;
				SWIFT_VERSION = 5.0;
				TARGETED_DEVICE_FAMILY = "1,2";
				TEST_HOST = "$(BUILT_PRODUCTS_DIR)/LiftTarget_iOS.app/LiftTarget_iOS";
			};
			name = Release;
		};
		40AE688328A97CCB00717AA4 /* Debug */ = {
			isa = XCBuildConfiguration;
			buildSettings = {
				CODE_SIGN_STYLE = Automatic;
				CURRENT_PROJECT_VERSION = 1;
				DEVELOPMENT_TEAM = LKF6A6MC84;
				GENERATE_INFOPLIST_FILE = YES;
				MARKETING_VERSION = 1.0;
				PRODUCT_BUNDLE_IDENTIFIER = "com.igor2890.LiftTarget-iOSUITests";
				PRODUCT_NAME = "$(TARGET_NAME)";
				SWIFT_EMIT_LOC_STRINGS = NO;
				SWIFT_VERSION = 5.0;
				TARGETED_DEVICE_FAMILY = "1,2";
				TEST_TARGET_NAME = LiftTarget_iOS;
			};
			name = Debug;
		};
		40AE688428A97CCB00717AA4 /* Release */ = {
			isa = XCBuildConfiguration;
			buildSettings = {
				CODE_SIGN_STYLE = Automatic;
				CURRENT_PROJECT_VERSION = 1;
				DEVELOPMENT_TEAM = LKF6A6MC84;
				GENERATE_INFOPLIST_FILE = YES;
				MARKETING_VERSION = 1.0;
				PRODUCT_BUNDLE_IDENTIFIER = "com.igor2890.LiftTarget-iOSUITests";
				PRODUCT_NAME = "$(TARGET_NAME)";
				SWIFT_EMIT_LOC_STRINGS = NO;
				SWIFT_VERSION = 5.0;
				TARGETED_DEVICE_FAMILY = "1,2";
				TEST_TARGET_NAME = LiftTarget_iOS;
			};
			name = Release;
		};
/* End XCBuildConfiguration section */

/* Begin XCConfigurationList section */
		40A8F9F2287049FF000BCFF6 /* Build configuration list for PBXProject "LiftTarget_iOS" */ = {
			isa = XCConfigurationList;
			buildConfigurations = (
				40A8FA0928704A00000BCFF6 /* Debug */,
				40A8FA0A28704A00000BCFF6 /* Release */,
			);
			defaultConfigurationIsVisible = 0;
			defaultConfigurationName = Release;
		};
		40A8FA0B28704A00000BCFF6 /* Build configuration list for PBXNativeTarget "LiftTarget_iOS" */ = {
			isa = XCConfigurationList;
			buildConfigurations = (
				40A8FA0C28704A00000BCFF6 /* Debug */,
				40A8FA0D28704A00000BCFF6 /* Release */,
			);
			defaultConfigurationIsVisible = 0;
			defaultConfigurationName = Release;
		};
		40AE687328A97C8F00717AA4 /* Build configuration list for PBXNativeTarget "LiftTarget_iOSTests" */ = {
			isa = XCConfigurationList;
			buildConfigurations = (
				40AE687428A97C8F00717AA4 /* Debug */,
				40AE687528A97C8F00717AA4 /* Release */,
			);
			defaultConfigurationIsVisible = 0;
			defaultConfigurationName = Release;
		};
		40AE688228A97CCB00717AA4 /* Build configuration list for PBXNativeTarget "LiftTarget_iOSUITests" */ = {
			isa = XCConfigurationList;
			buildConfigurations = (
				40AE688328A97CCB00717AA4 /* Debug */,
				40AE688428A97CCB00717AA4 /* Release */,
			);
			defaultConfigurationIsVisible = 0;
			defaultConfigurationName = Release;
		};
/* End XCConfigurationList section */
	};
	rootObject = 40A8F9EF287049FF000BCFF6 /* Project object */;
}
